
Microsoft Visual Studio Solution File, Format Version 12.00
# Visual Studio Version 17
VisualStudioVersion = 17.5.33530.505
MinimumVisualStudioVersion = 10.0.40219.1
Project("{FAE04EC0-301F-11D3-BF4B-00C04F79EFBC}") = "Site.API", "Site.API\Site.API.csproj", "{4B196C31-28DA-4F7A-8D38-121A9D566313}"
EndProject
Project("{FAE04EC0-301F-11D3-BF4B-00C04F79EFBC}") = "Site.Models", "Site.Models\Site.Models.csproj", "{DD7DEB1F-8825-4C73-B6B5-9D836C706008}"
EndProject
Project("{FAE04EC0-301F-11D3-BF4B-00C04F79EFBC}") = "Site.Data", "Site.Data\Site.Data.csproj", "{952C7F15-938E-4C0D-8150-1D0EDF618503}"
EndProject
Project("{FAE04EC0-301F-11D3-BF4B-00C04F79EFBC}") = "Site.Repositories", "Site.Repositories\Site.Repositories.csproj", "{9510CBB5-2339-4BF1-A919-9C22D423FE73}"
EndProject
Project("{FAE04EC0-301F-11D3-BF4B-00C04F79EFBC}") = "Site.Services", "Site.Services\Site.Services.csproj", "{A1BBF8A4-FD2D-48B6-9E2B-9EBB87EFC2AA}"
EndProject
Global
	GlobalSection(SolutionConfigurationPlatforms) = preSolution
		Debug|Any CPU = Debug|Any CPU
		Release|Any CPU = Release|Any CPU
	EndGlobalSection
	GlobalSection(ProjectConfigurationPlatforms) = postSolution
		{4B196C31-28DA-4F7A-8D38-121A9D566313}.Debug|Any CPU.ActiveCfg = Debug|Any CPU
		{4B196C31-28DA-4F7A-8D38-121A9D566313}.Debug|Any CPU.Build.0 = Debug|Any CPU
		{4B196C31-28DA-4F7A-8D38-121A9D566313}.Release|Any CPU.ActiveCfg = Release|Any CPU
		{4B196C31-28DA-4F7A-8D38-121A9D566313}.Release|Any CPU.Build.0 = Release|Any CPU
		{DD7DEB1F-8825-4C73-B6B5-9D836C706008}.Debug|Any CPU.ActiveCfg = Debug|Any CPU
		{DD7DEB1F-8825-4C73-B6B5-9D836C706008}.Debug|Any CPU.Build.0 = Debug|Any CPU
		{DD7DEB1F-8825-4C73-B6B5-9D836C706008}.Release|Any CPU.ActiveCfg = Release|Any CPU
		{DD7DEB1F-8825-4C73-B6B5-9D836C706008}.Release|Any CPU.Build.0 = Release|Any CPU
		{952C7F15-938E-4C0D-8150-1D0EDF618503}.Debug|Any CPU.ActiveCfg = Debug|Any CPU
		{952C7F15-938E-4C0D-8150-1D0EDF618503}.Debug|Any CPU.Build.0 = Debug|Any CPU
		{952C7F15-938E-4C0D-8150-1D0EDF618503}.Release|Any CPU.ActiveCfg = Release|Any CPU
		{952C7F15-938E-4C0D-8150-1D0EDF618503}.Release|Any CPU.Build.0 = Release|Any CPU
		{9510CBB5-2339-4BF1-A919-9C22D423FE73}.Debug|Any CPU.ActiveCfg = Debug|Any CPU
		{9510CBB5-2339-4BF1-A919-9C22D423FE73}.Debug|Any CPU.Build.0 = Debug|Any CPU
		{9510CBB5-2339-4BF1-A919-9C22D423FE73}.Release|Any CPU.ActiveCfg = Release|Any CPU
		{9510CBB5-2339-4BF1-A919-9C22D423FE73}.Release|Any CPU.Build.0 = Release|Any CPU
		{A1BBF8A4-FD2D-48B6-9E2B-9EBB87EFC2AA}.Debug|Any CPU.ActiveCfg = Debug|Any CPU
		{A1BBF8A4-FD2D-48B6-9E2B-9EBB87EFC2AA}.Debug|Any CPU.Build.0 = Debug|Any CPU
		{A1BBF8A4-FD2D-48B6-9E2B-9EBB87EFC2AA}.Release|Any CPU.ActiveCfg = Release|Any CPU
		{A1BBF8A4-FD2D-48B6-9E2B-9EBB87EFC2AA}.Release|Any CPU.Build.0 = Release|Any CPU
	EndGlobalSection
	GlobalSection(SolutionProperties) = preSolution
		HideSolutionNode = FALSE
	EndGlobalSection
	GlobalSection(ExtensibilityGlobals) = postSolution
		SolutionGuid = {55B4DD11-0F09-4BBD-B6E3-4A12E2AFE13D}
	EndGlobalSection
EndGlobal
